
Microsoft Visual Studio Solution File, Format Version 12.00
# Visual Studio Version 16
VisualStudioVersion = 16.0.30717.126
MinimumVisualStudioVersion = 10.0.40219.1
Project("{FAE04EC0-301F-11D3-BF4B-00C04F79EFBC}") = "GameDemo", "GameDemo.csproj", "{9E81E79E-E5BC-436F-8E8A-FB915980BCA3}"
EndProject
Global
	GlobalSection(SolutionConfigurationPlatforms) = preSolution
		Debug|Any CPU = Debug|Any CPU
		Release|Any CPU = Release|Any CPU
	EndGlobalSection
	GlobalSection(ProjectConfigurationPlatforms) = postSolution
		{9E81E79E-E5BC-436F-8E8A-FB915980BCA3}.Debug|Any CPU.ActiveCfg = Debug|Any CPU
		{9E81E79E-E5BC-436F-8E8A-FB915980BCA3}.Debug|Any CPU.Build.0 = Debug|Any CPU
		{9E81E79E-E5BC-436F-8E8A-FB915980BCA3}.Release|Any CPU.ActiveCfg = Release|Any CPU
		{9E81E79E-E5BC-436F-8E8A-FB915980BCA3}.Release|Any CPU.Build.0 = Release|Any CPU
	EndGlobalSection
	GlobalSection(SolutionProperties) = preSolution
		HideSolutionNode = FALSE
	EndGlobalSection
	GlobalSection(ExtensibilityGlobals) = postSolution
		SolutionGuid = {8B54C761-8E45-4D3C-BF01-ED03EFE175F1}
	EndGlobalSection
EndGlobal
